
Microsoft Visual Studio Solution File, Format Version 12.00
# Visual Studio 2013
VisualStudioVersion = 12.0.31101.0
MinimumVisualStudioVersion = 10.0.40219.1
Project("{2150E333-8FDC-42A3-9474-1A3956D46DE8}") = "Infra", "Infra", "{19722DAE-A82D-4D57-957B-5EA34CB6F3CC}"
EndProject
Project("{2150E333-8FDC-42A3-9474-1A3956D46DE8}") = "Presentation", "Presentation", "{85EEAD25-9977-498C-A98A-26E64F6EBC01}"
EndProject
Project("{2150E333-8FDC-42A3-9474-1A3956D46DE8}") = "Application", "Application", "{A96BBB79-E676-458E-93A1-A42B873C3496}"
EndProject
Project("{2150E333-8FDC-42A3-9474-1A3956D46DE8}") = "Domain", "Domain", "{1C8BBF4B-C0BA-42A2-9DF6-2E50F5146551}"
EndProject
Project("{FAE04EC0-301F-11D3-BF4B-00C04F79EFBC}") = "NetCoders.Madrugada.MVC.DataAccess", "NetCoders.Madrugada.MVC.DataAccess\NetCoders.Madrugada.MVC.DataAccess.csproj", "{EAE4AB65-F3C2-4EC9-A3B1-C48D746D2994}"
EndProject
Project("{FAE04EC0-301F-11D3-BF4B-00C04F79EFBC}") = "NetCoders.Madrugada.MVC.Domain", "NetCoders.Madrugada.MVC.Domain\NetCoders.Madrugada.MVC.Domain.csproj", "{831FFF3A-42C6-4A6B-86B6-7D93C27A3F08}"
EndProject
Project("{FAE04EC0-301F-11D3-BF4B-00C04F79EFBC}") = "NetCoders.Madrugada.MVC.Services", "NetCoders.Madrugada.MVC.Services\NetCoders.Madrugada.MVC.Services.csproj", "{0F55A3F1-25D7-4771-8D6F-B595C038F97C}"
EndProject
Project("{FAE04EC0-301F-11D3-BF4B-00C04F79EFBC}") = "NetCoders.Madrugada.MVC.UI.WEB", "NetCoders.Madrugada.MVC.UI.WEB\NetCoders.Madrugada.MVC.UI.WEB.csproj", "{097886DA-F856-4ED3-90A3-32DEDCD98509}"
EndProject
Global
	GlobalSection(SolutionConfigurationPlatforms) = preSolution
		Debug|Any CPU = Debug|Any CPU
		Release|Any CPU = Release|Any CPU
	EndGlobalSection
	GlobalSection(ProjectConfigurationPlatforms) = postSolution
		{EAE4AB65-F3C2-4EC9-A3B1-C48D746D2994}.Debug|Any CPU.ActiveCfg = Debug|Any CPU
		{EAE4AB65-F3C2-4EC9-A3B1-C48D746D2994}.Debug|Any CPU.Build.0 = Debug|Any CPU
		{EAE4AB65-F3C2-4EC9-A3B1-C48D746D2994}.Release|Any CPU.ActiveCfg = Release|Any CPU
		{EAE4AB65-F3C2-4EC9-A3B1-C48D746D2994}.Release|Any CPU.Build.0 = Release|Any CPU
		{831FFF3A-42C6-4A6B-86B6-7D93C27A3F08}.Debug|Any CPU.ActiveCfg = Debug|Any CPU
		{831FFF3A-42C6-4A6B-86B6-7D93C27A3F08}.Debug|Any CPU.Build.0 = Debug|Any CPU
		{831FFF3A-42C6-4A6B-86B6-7D93C27A3F08}.Release|Any CPU.ActiveCfg = Release|Any CPU
		{831FFF3A-42C6-4A6B-86B6-7D93C27A3F08}.Release|Any CPU.Build.0 = Release|Any CPU
		{0F55A3F1-25D7-4771-8D6F-B595C038F97C}.Debug|Any CPU.ActiveCfg = Debug|Any CPU
		{0F55A3F1-25D7-4771-8D6F-B595C038F97C}.Debug|Any CPU.Build.0 = Debug|Any CPU
		{0F55A3F1-25D7-4771-8D6F-B595C038F97C}.Release|Any CPU.ActiveCfg = Release|Any CPU
		{0F55A3F1-25D7-4771-8D6F-B595C038F97C}.Release|Any CPU.Build.0 = Release|Any CPU
		{097886DA-F856-4ED3-90A3-32DEDCD98509}.Debug|Any CPU.ActiveCfg = Debug|Any CPU
		{097886DA-F856-4ED3-90A3-32DEDCD98509}.Debug|Any CPU.Build.0 = Debug|Any CPU
		{097886DA-F856-4ED3-90A3-32DEDCD98509}.Release|Any CPU.ActiveCfg = Release|Any CPU
		{097886DA-F856-4ED3-90A3-32DEDCD98509}.Release|Any CPU.Build.0 = Release|Any CPU
	EndGlobalSection
	GlobalSection(SolutionProperties) = preSolution
		HideSolutionNode = FALSE
	EndGlobalSection
	GlobalSection(NestedProjects) = preSolution
		{EAE4AB65-F3C2-4EC9-A3B1-C48D746D2994} = {19722DAE-A82D-4D57-957B-5EA34CB6F3CC}
		{831FFF3A-42C6-4A6B-86B6-7D93C27A3F08} = {1C8BBF4B-C0BA-42A2-9DF6-2E50F5146551}
		{0F55A3F1-25D7-4771-8D6F-B595C038F97C} = {A96BBB79-E676-458E-93A1-A42B873C3496}
		{097886DA-F856-4ED3-90A3-32DEDCD98509} = {85EEAD25-9977-498C-A98A-26E64F6EBC01}
	EndGlobalSection
EndGlobal
